
Microsoft Visual Studio Solution File, Format Version 12.00
# Visual Studio Version 17
VisualStudioVersion = 17.5.002.0
MinimumVisualStudioVersion = 10.0.40219.1
Project("{2150E333-8FDC-42A3-9474-1A3956D46DE8}") = "csharp-prep", "csharp-prep", "{E90661D9-2F0C-4424-84DF-0ADAFB310411}"
EndProject
Project("{9A19103F-16F7-4668-BE54-9A1E7A4F7556}") = "Prep1", "csharp-prep\Prep1\Prep1.csproj", "{BD5539CD-25DB-4B3E-8A89-F35315333542}"
EndProject
Project("{9A19103F-16F7-4668-BE54-9A1E7A4F7556}") = "Prep2", "csharp-prep\Prep2\Prep2.csproj", "{83F021B0-F7BF-4A43-A821-A93889077671}"
EndProject
Project("{9A19103F-16F7-4668-BE54-9A1E7A4F7556}") = "Prep3", "csharp-prep\Prep3\Prep3.csproj", "{2060C884-44C1-4EB5-97D4-1AB3F1E62215}"
EndProject
Project("{9A19103F-16F7-4668-BE54-9A1E7A4F7556}") = "Prep4", "csharp-prep\Prep4\Prep4.csproj", "{F5A75564-394D-4F6D-907B-0AC004D1D193}"
EndProject
Project("{9A19103F-16F7-4668-BE54-9A1E7A4F7556}") = "Prep5", "csharp-prep\Prep5\Prep5.csproj", "{2315EA6E-72A4-430A-956D-0BBECC72C067}"
EndProject
Project("{2150E333-8FDC-42A3-9474-1A3956D46DE8}") = "final", "final", "{677A3B12-E10E-4C56-A286-AB847E26D564}"
EndProject
Project("{9A19103F-16F7-4668-BE54-9A1E7A4F7556}") = "FinalProject", "final\FinalProject\FinalProject.csproj", "{718155E7-9DEC-4C5E-B0E7-B15F8F478C5F}"
EndProject
Project("{9A19103F-16F7-4668-BE54-9A1E7A4F7556}") = "Foundation1", "final\Foundation1\Foundation1.csproj", "{EE756FBD-AB16-44D4-9CA7-70D8DC42FA5C}"
EndProject
Project("{9A19103F-16F7-4668-BE54-9A1E7A4F7556}") = "Foundation2", "final\Foundation2\Foundation2.csproj", "{2693A294-B2CC-4B33-92CC-EED940D3120A}"
EndProject
Project("{9A19103F-16F7-4668-BE54-9A1E7A4F7556}") = "Foundation3", "final\Foundation3\Foundation3.csproj", "{D7AE5F09-E292-4BE3-949F-9CF609153D80}"
EndProject
Project("{9A19103F-16F7-4668-BE54-9A1E7A4F7556}") = "Foundation4", "final\Foundation4\Foundation4.csproj", "{365D7BBB-8A36-4306-AE5B-6F555C761F5F}"
EndProject
Project("{2150E333-8FDC-42A3-9474-1A3956D46DE8}") = "prepare", "prepare", "{4E43306D-FCEC-4B72-AF55-9281D1FE34EA}"
EndProject
Project("{9A19103F-16F7-4668-BE54-9A1E7A4F7556}") = "Learning02", "prepare\Learning02\Learning02.csproj", "{1C4C94AC-D9F0-441F-873C-770EC278F294}"
EndProject
Project("{9A19103F-16F7-4668-BE54-9A1E7A4F7556}") = "Learning03", "prepare\Learning03\Learning03.csproj", "{0CA511CC-C245-414E-8389-16AC2B55634C}"
EndProject
Project("{9A19103F-16F7-4668-BE54-9A1E7A4F7556}") = "Learning04", "prepare\Learning04\Learning04.csproj", "{7276899B-CFAF-4728-AD1A-CC3830EB172A}"
EndProject
Project("{9A19103F-16F7-4668-BE54-9A1E7A4F7556}") = "Learning05", "prepare\Learning05\Learning05.csproj", "{DFF40129-A5D8-4664-ACFB-AB3C016EE138}"
EndProject
Project("{2150E333-8FDC-42A3-9474-1A3956D46DE8}") = "prove", "prove", "{66E14A2B-964E-4EFD-9A8A-47430D6B0531}"
EndProject
Project("{9A19103F-16F7-4668-BE54-9A1E7A4F7556}") = "Develop02", "prove\Develop02\Develop02.csproj", "{3114AF5A-0530-42B3-BDD7-79CAFC0EB5C9}"
EndProject
Project("{9A19103F-16F7-4668-BE54-9A1E7A4F7556}") = "Develop03", "prove\Develop03\Develop03.csproj", "{BD68DE28-CC60-449F-BBDB-27A5E9218F96}"
EndProject
Project("{9A19103F-16F7-4668-BE54-9A1E7A4F7556}") = "Develop04", "prove\Develop04\Develop04.csproj", "{3495EB46-E454-4731-A05E-9C599D818323}"
EndProject
Project("{9A19103F-16F7-4668-BE54-9A1E7A4F7556}") = "Develop05", "prove\Develop05\Develop05.csproj", "{E5E67BD4-588B-47CD-AEA0-5CBB33C895EC}"
EndProject
Project("{2150E333-8FDC-42A3-9474-1A3956D46DE8}") = "sandbox", "sandbox", "{E9BA5CAC-38D3-401A-88DE-6A52D8DA44CC}"
EndProject
Project("{9A19103F-16F7-4668-BE54-9A1E7A4F7556}") = "Sandbox", "sandbox\Sandbox\Sandbox.csproj", "{A986927A-94E3-44EF-972D-198184E19F48}"
EndProject
Global
	GlobalSection(SolutionConfigurationPlatforms) = preSolution
		Debug|Any CPU = Debug|Any CPU
		Release|Any CPU = Release|Any CPU
	EndGlobalSection
	GlobalSection(ProjectConfigurationPlatforms) = postSolution
		{BD5539CD-25DB-4B3E-8A89-F35315333542}.Debug|Any CPU.ActiveCfg = Debug|Any CPU
		{BD5539CD-25DB-4B3E-8A89-F35315333542}.Debug|Any CPU.Build.0 = Debug|Any CPU
		{BD5539CD-25DB-4B3E-8A89-F35315333542}.Release|Any CPU.ActiveCfg = Release|Any CPU
		{BD5539CD-25DB-4B3E-8A89-F35315333542}.Release|Any CPU.Build.0 = Release|Any CPU
		{83F021B0-F7BF-4A43-A821-A93889077671}.Debug|Any CPU.ActiveCfg = Debug|Any CPU
		{83F021B0-F7BF-4A43-A821-A93889077671}.Debug|Any CPU.Build.0 = Debug|Any CPU
		{83F021B0-F7BF-4A43-A821-A93889077671}.Release|Any CPU.ActiveCfg = Release|Any CPU
		{83F021B0-F7BF-4A43-A821-A93889077671}.Release|Any CPU.Build.0 = Release|Any CPU
		{2060C884-44C1-4EB5-97D4-1AB3F1E62215}.Debug|Any CPU.ActiveCfg = Debug|Any CPU
		{2060C884-44C1-4EB5-97D4-1AB3F1E62215}.Debug|Any CPU.Build.0 = Debug|Any CPU
		{2060C884-44C1-4EB5-97D4-1AB3F1E62215}.Release|Any CPU.ActiveCfg = Release|Any CPU
		{2060C884-44C1-4EB5-97D4-1AB3F1E62215}.Release|Any CPU.Build.0 = Release|Any CPU
		{F5A75564-394D-4F6D-907B-0AC004D1D193}.Debug|Any CPU.ActiveCfg = Debug|Any CPU
		{F5A75564-394D-4F6D-907B-0AC004D1D193}.Debug|Any CPU.Build.0 = Debug|Any CPU
		{F5A75564-394D-4F6D-907B-0AC004D1D193}.Release|Any CPU.ActiveCfg = Release|Any CPU
		{F5A75564-394D-4F6D-907B-0AC004D1D193}.Release|Any CPU.Build.0 = Release|Any CPU
		{2315EA6E-72A4-430A-956D-0BBECC72C067}.Debug|Any CPU.ActiveCfg = Debug|Any CPU
		{2315EA6E-72A4-430A-956D-0BBECC72C067}.Debug|Any CPU.Build.0 = Debug|Any CPU
		{2315EA6E-72A4-430A-956D-0BBECC72C067}.Release|Any CPU.ActiveCfg = Release|Any CPU
		{2315EA6E-72A4-430A-956D-0BBECC72C067}.Release|Any CPU.Build.0 = Release|Any CPU
		{718155E7-9DEC-4C5E-B0E7-B15F8F478C5F}.Debug|Any CPU.ActiveCfg = Debug|Any CPU
		{718155E7-9DEC-4C5E-B0E7-B15F8F478C5F}.Debug|Any CPU.Build.0 = Debug|Any CPU
		{718155E7-9DEC-4C5E-B0E7-B15F8F478C5F}.Release|Any CPU.ActiveCfg = Release|Any CPU
		{718155E7-9DEC-4C5E-B0E7-B15F8F478C5F}.Release|Any CPU.Build.0 = Release|Any CPU
		{EE756FBD-AB16-44D4-9CA7-70D8DC42FA5C}.Debug|Any CPU.ActiveCfg = Debug|Any CPU
		{EE756FBD-AB16-44D4-9CA7-70D8DC42FA5C}.Debug|Any CPU.Build.0 = Debug|Any CPU
		{EE756FBD-AB16-44D4-9CA7-70D8DC42FA5C}.Release|Any CPU.ActiveCfg = Release|Any CPU
		{EE756FBD-AB16-44D4-9CA7-70D8DC42FA5C}.Release|Any CPU.Build.0 = Release|Any CPU
		{2693A294-B2CC-4B33-92CC-EED940D3120A}.Debug|Any CPU.ActiveCfg = Debug|Any CPU
		{2693A294-B2CC-4B33-92CC-EED940D3120A}.Debug|Any CPU.Build.0 = Debug|Any CPU
		{2693A294-B2CC-4B33-92CC-EED940D3120A}.Release|Any CPU.ActiveCfg = Release|Any CPU
		{2693A294-B2CC-4B33-92CC-EED940D3120A}.Release|Any CPU.Build.0 = Release|Any CPU
		{D7AE5F09-E292-4BE3-949F-9CF609153D80}.Debug|Any CPU.ActiveCfg = Debug|Any CPU
		{D7AE5F09-E292-4BE3-949F-9CF609153D80}.Debug|Any CPU.Build.0 = Debug|Any CPU
		{D7AE5F09-E292-4BE3-949F-9CF609153D80}.Release|Any CPU.ActiveCfg = Release|Any CPU
		{D7AE5F09-E292-4BE3-949F-9CF609153D80}.Release|Any CPU.Build.0 = Release|Any CPU
		{365D7BBB-8A36-4306-AE5B-6F555C761F5F}.Debug|Any CPU.ActiveCfg = Debug|Any CPU
		{365D7BBB-8A36-4306-AE5B-6F555C761F5F}.Debug|Any CPU.Build.0 = Debug|Any CPU
		{365D7BBB-8A36-4306-AE5B-6F555C761F5F}.Release|Any CPU.ActiveCfg = Release|Any CPU
		{365D7BBB-8A36-4306-AE5B-6F555C761F5F}.Release|Any CPU.Build.0 = Release|Any CPU
		{1C4C94AC-D9F0-441F-873C-770EC278F294}.Debug|Any CPU.ActiveCfg = Debug|Any CPU
		{1C4C94AC-D9F0-441F-873C-770EC278F294}.Debug|Any CPU.Build.0 = Debug|Any CPU
		{1C4C94AC-D9F0-441F-873C-770EC278F294}.Release|Any CPU.ActiveCfg = Release|Any CPU
		{1C4C94AC-D9F0-441F-873C-770EC278F294}.Release|Any CPU.Build.0 = Release|Any CPU
		{0CA511CC-C245-414E-8389-16AC2B55634C}.Debug|Any CPU.ActiveCfg = Debug|Any CPU
		{0CA511CC-C245-414E-8389-16AC2B55634C}.Debug|Any CPU.Build.0 = Debug|Any CPU
		{0CA511CC-C245-414E-8389-16AC2B55634C}.Release|Any CPU.ActiveCfg = Release|Any CPU
		{0CA511CC-C245-414E-8389-16AC2B55634C}.Release|Any CPU.Build.0 = Release|Any CPU
		{7276899B-CFAF-4728-AD1A-CC3830EB172A}.Debug|Any CPU.ActiveCfg = Debug|Any CPU
		{7276899B-CFAF-4728-AD1A-CC3830EB172A}.Debug|Any CPU.Build.0 = Debug|Any CPU
		{7276899B-CFAF-4728-AD1A-CC3830EB172A}.Release|Any CPU.ActiveCfg = Release|Any CPU
		{7276899B-CFAF-4728-AD1A-CC3830EB172A}.Release|Any CPU.Build.0 = Release|Any CPU
		{DFF40129-A5D8-4664-ACFB-AB3C016EE138}.Debug|Any CPU.ActiveCfg = Debug|Any CPU
		{DFF40129-A5D8-4664-ACFB-AB3C016EE138}.Debug|Any CPU.Build.0 = Debug|Any CPU
		{DFF40129-A5D8-4664-ACFB-AB3C016EE138}.Release|Any CPU.ActiveCfg = Release|Any CPU
		{DFF40129-A5D8-4664-ACFB-AB3C016EE138}.Release|Any CPU.Build.0 = Release|Any CPU
		{3114AF5A-0530-42B3-BDD7-79CAFC0EB5C9}.Debug|Any CPU.ActiveCfg = Debug|Any CPU
		{3114AF5A-0530-42B3-BDD7-79CAFC0EB5C9}.Debug|Any CPU.Build.0 = Debug|Any CPU
		{3114AF5A-0530-42B3-BDD7-79CAFC0EB5C9}.Release|Any CPU.ActiveCfg = Release|Any CPU
		{3114AF5A-0530-42B3-BDD7-79CAFC0EB5C9}.Release|Any CPU.Build.0 = Release|Any CPU
		{BD68DE28-CC60-449F-BBDB-27A5E9218F96}.Debug|Any CPU.ActiveCfg = Debug|Any CPU
		{BD68DE28-CC60-449F-BBDB-27A5E9218F96}.Debug|Any CPU.Build.0 = Debug|Any CPU
		{BD68DE28-CC60-449F-BBDB-27A5E9218F96}.Release|Any CPU.ActiveCfg = Release|Any CPU
		{BD68DE28-CC60-449F-BBDB-27A5E9218F96}.Release|Any CPU.Build.0 = Release|Any CPU
		{3495EB46-E454-4731-A05E-9C599D818323}.Debug|Any CPU.ActiveCfg = Debug|Any CPU
		{3495EB46-E454-4731-A05E-9C599D818323}.Debug|Any CPU.Build.0 = Debug|Any CPU
		{3495EB46-E454-4731-A05E-9C599D818323}.Release|Any CPU.ActiveCfg = Release|Any CPU
		{3495EB46-E454-4731-A05E-9C599D818323}.Release|Any CPU.Build.0 = Release|Any CPU
		{E5E67BD4-588B-47CD-AEA0-5CBB33C895EC}.Debug|Any CPU.ActiveCfg = Debug|Any CPU
		{E5E67BD4-588B-47CD-AEA0-5CBB33C895EC}.Debug|Any CPU.Build.0 = Debug|Any CPU
		{E5E67BD4-588B-47CD-AEA0-5CBB33C895EC}.Release|Any CPU.ActiveCfg = Release|Any CPU
		{E5E67BD4-588B-47CD-AEA0-5CBB33C895EC}.Release|Any CPU.Build.0 = Release|Any CPU
		{A986927A-94E3-44EF-972D-198184E19F48}.Debug|Any CPU.ActiveCfg = Debug|Any CPU
		{A986927A-94E3-44EF-972D-198184E19F48}.Debug|Any CPU.Build.0 = Debug|Any CPU
		{A986927A-94E3-44EF-972D-198184E19F48}.Release|Any CPU.ActiveCfg = Release|Any CPU
		{A986927A-94E3-44EF-972D-198184E19F48}.Release|Any CPU.Build.0 = Release|Any CPU
	EndGlobalSection
	GlobalSection(SolutionProperties) = preSolution
		HideSolutionNode = FALSE
	EndGlobalSection
	GlobalSection(NestedProjects) = preSolution
		{BD5539CD-25DB-4B3E-8A89-F35315333542} = {E90661D9-2F0C-4424-84DF-0ADAFB310411}
		{83F021B0-F7BF-4A43-A821-A93889077671} = {E90661D9-2F0C-4424-84DF-0ADAFB310411}
		{2060C884-44C1-4EB5-97D4-1AB3F1E62215} = {E90661D9-2F0C-4424-84DF-0ADAFB310411}
		{F5A75564-394D-4F6D-907B-0AC004D1D193} = {E90661D9-2F0C-4424-84DF-0ADAFB310411}
		{2315EA6E-72A4-430A-956D-0BBECC72C067} = {E90661D9-2F0C-4424-84DF-0ADAFB310411}
		{718155E7-9DEC-4C5E-B0E7-B15F8F478C5F} = {677A3B12-E10E-4C56-A286-AB847E26D564}
		{EE756FBD-AB16-44D4-9CA7-70D8DC42FA5C} = {677A3B12-E10E-4C56-A286-AB847E26D564}
		{2693A294-B2CC-4B33-92CC-EED940D3120A} = {677A3B12-E10E-4C56-A286-AB847E26D564}
		{D7AE5F09-E292-4BE3-949F-9CF609153D80} = {677A3B12-E10E-4C56-A286-AB847E26D564}
		{365D7BBB-8A36-4306-AE5B-6F555C761F5F} = {677A3B12-E10E-4C56-A286-AB847E26D564}
		{1C4C94AC-D9F0-441F-873C-770EC278F294} = {4E43306D-FCEC-4B72-AF55-9281D1FE34EA}
		{0CA511CC-C245-414E-8389-16AC2B55634C} = {4E43306D-FCEC-4B72-AF55-9281D1FE34EA}
		{7276899B-CFAF-4728-AD1A-CC3830EB172A} = {4E43306D-FCEC-4B72-AF55-9281D1FE34EA}
		{DFF40129-A5D8-4664-ACFB-AB3C016EE138} = {4E43306D-FCEC-4B72-AF55-9281D1FE34EA}
		{3114AF5A-0530-42B3-BDD7-79CAFC0EB5C9} = {66E14A2B-964E-4EFD-9A8A-47430D6B0531}
		{BD68DE28-CC60-449F-BBDB-27A5E9218F96} = {66E14A2B-964E-4EFD-9A8A-47430D6B0531}
		{3495EB46-E454-4731-A05E-9C599D818323} = {66E14A2B-964E-4EFD-9A8A-47430D6B0531}
		{E5E67BD4-588B-47CD-AEA0-5CBB33C895EC} = {66E14A2B-964E-4EFD-9A8A-47430D6B0531}
		{A986927A-94E3-44EF-972D-198184E19F48} = {E9BA5CAC-38D3-401A-88DE-6A52D8DA44CC}
	EndGlobalSection
	GlobalSection(ExtensibilityGlobals) = postSolution
		SolutionGuid = {11FA1A8F-CBA4-4D53-845E-75A053602870}
	EndGlobalSection
EndGlobal
